
Microsoft Visual Studio Solution File, Format Version 12.00
# Visual Studio 15
VisualStudioVersion = 15.0.28307.489
MinimumVisualStudioVersion = 10.0.40219.1
Project("{FAE04EC0-301F-11D3-BF4B-00C04F79EFBC}") = "DayThree.Android", "DayThree\DayThree.Android\DayThree.Android.csproj", "{382A5453-7703-440F-BDBD-392DF5CA33D6}"
EndProject
Project("{FAE04EC0-301F-11D3-BF4B-00C04F79EFBC}") = "DayThree.iOS", "DayThree\DayThree.iOS\DayThree.iOS.csproj", "{C9845F75-93F7-4106-A2E9-5458BA19B12C}"
EndProject
Project("{FAE04EC0-301F-11D3-BF4B-00C04F79EFBC}") = "DayThree", "DayThree\DayThree\DayThree.csproj", "{2BAAB157-36CD-4794-BE3B-08345E9131CF}"
EndProject
Global
	GlobalSection(SolutionConfigurationPlatforms) = preSolution
		Ad-Hoc|Any CPU = Ad-Hoc|Any CPU
		Ad-Hoc|iPhone = Ad-Hoc|iPhone
		Ad-Hoc|iPhoneSimulator = Ad-Hoc|iPhoneSimulator
		AppStore|Any CPU = AppStore|Any CPU
		AppStore|iPhone = AppStore|iPhone
		AppStore|iPhoneSimulator = AppStore|iPhoneSimulator
		Debug|Any CPU = Debug|Any CPU
		Debug|iPhone = Debug|iPhone
		Debug|iPhoneSimulator = Debug|iPhoneSimulator
		Release|Any CPU = Release|Any CPU
		Release|iPhone = Release|iPhone
		Release|iPhoneSimulator = Release|iPhoneSimulator
	EndGlobalSection
	GlobalSection(ProjectConfigurationPlatforms) = postSolution
		{382A5453-7703-440F-BDBD-392DF5CA33D6}.Ad-Hoc|Any CPU.ActiveCfg = Release|Any CPU
		{382A5453-7703-440F-BDBD-392DF5CA33D6}.Ad-Hoc|Any CPU.Build.0 = Release|Any CPU
		{382A5453-7703-440F-BDBD-392DF5CA33D6}.Ad-Hoc|Any CPU.Deploy.0 = Release|Any CPU
		{382A5453-7703-440F-BDBD-392DF5CA33D6}.Ad-Hoc|iPhone.ActiveCfg = Release|Any CPU
		{382A5453-7703-440F-BDBD-392DF5CA33D6}.Ad-Hoc|iPhone.Build.0 = Release|Any CPU
		{382A5453-7703-440F-BDBD-392DF5CA33D6}.Ad-Hoc|iPhone.Deploy.0 = Release|Any CPU
		{382A5453-7703-440F-BDBD-392DF5CA33D6}.Ad-Hoc|iPhoneSimulator.ActiveCfg = Release|Any CPU
		{382A5453-7703-440F-BDBD-392DF5CA33D6}.Ad-Hoc|iPhoneSimulator.Build.0 = Release|Any CPU
		{382A5453-7703-440F-BDBD-392DF5CA33D6}.Ad-Hoc|iPhoneSimulator.Deploy.0 = Release|Any CPU
		{382A5453-7703-440F-BDBD-392DF5CA33D6}.AppStore|Any CPU.ActiveCfg = Release|Any CPU
		{382A5453-7703-440F-BDBD-392DF5CA33D6}.AppStore|Any CPU.Build.0 = Release|Any CPU
		{382A5453-7703-440F-BDBD-392DF5CA33D6}.AppStore|Any CPU.Deploy.0 = Release|Any CPU
		{382A5453-7703-440F-BDBD-392DF5CA33D6}.AppStore|iPhone.ActiveCfg = Release|Any CPU
		{382A5453-7703-440F-BDBD-392DF5CA33D6}.AppStore|iPhone.Build.0 = Release|Any CPU
		{382A5453-7703-440F-BDBD-392DF5CA33D6}.AppStore|iPhone.Deploy.0 = Release|Any CPU
		{382A5453-7703-440F-BDBD-392DF5CA33D6}.AppStore|iPhoneSimulator.ActiveCfg = Release|Any CPU
		{382A5453-7703-440F-BDBD-392DF5CA33D6}.AppStore|iPhoneSimulator.Build.0 = Release|Any CPU
		{382A5453-7703-440F-BDBD-392DF5CA33D6}.AppStore|iPhoneSimulator.Deploy.0 = Release|Any CPU
		{382A5453-7703-440F-BDBD-392DF5CA33D6}.Debug|Any CPU.ActiveCfg = Debug|Any CPU
		{382A5453-7703-440F-BDBD-392DF5CA33D6}.Debug|Any CPU.Build.0 = Debug|Any CPU
		{382A5453-7703-440F-BDBD-392DF5CA33D6}.Debug|Any CPU.Deploy.0 = Debug|Any CPU
		{382A5453-7703-440F-BDBD-392DF5CA33D6}.Debug|iPhone.ActiveCfg = Debug|Any CPU
		{382A5453-7703-440F-BDBD-392DF5CA33D6}.Debug|iPhone.Build.0 = Debug|Any CPU
		{382A5453-7703-440F-BDBD-392DF5CA33D6}.Debug|iPhone.Deploy.0 = Debug|Any CPU
		{382A5453-7703-440F-BDBD-392DF5CA33D6}.Debug|iPhoneSimulator.ActiveCfg = Debug|Any CPU
		{382A5453-7703-440F-BDBD-392DF5CA33D6}.Debug|iPhoneSimulator.Build.0 = Debug|Any CPU
		{382A5453-7703-440F-BDBD-392DF5CA33D6}.Debug|iPhoneSimulator.Deploy.0 = Debug|Any CPU
		{382A5453-7703-440F-BDBD-392DF5CA33D6}.Release|Any CPU.ActiveCfg = Release|Any CPU
		{382A5453-7703-440F-BDBD-392DF5CA33D6}.Release|Any CPU.Build.0 = Release|Any CPU
		{382A5453-7703-440F-BDBD-392DF5CA33D6}.Release|Any CPU.Deploy.0 = Release|Any CPU
		{382A5453-7703-440F-BDBD-392DF5CA33D6}.Release|iPhone.ActiveCfg = Release|Any CPU
		{382A5453-7703-440F-BDBD-392DF5CA33D6}.Release|iPhone.Build.0 = Release|Any CPU
		{382A5453-7703-440F-BDBD-392DF5CA33D6}.Release|iPhone.Deploy.0 = Release|Any CPU
		{382A5453-7703-440F-BDBD-392DF5CA33D6}.Release|iPhoneSimulator.ActiveCfg = Release|Any CPU
		{382A5453-7703-440F-BDBD-392DF5CA33D6}.Release|iPhoneSimulator.Build.0 = Release|Any CPU
		{382A5453-7703-440F-BDBD-392DF5CA33D6}.Release|iPhoneSimulator.Deploy.0 = Release|Any CPU
		{C9845F75-93F7-4106-A2E9-5458BA19B12C}.Ad-Hoc|Any CPU.ActiveCfg = Ad-Hoc|iPhone
		{C9845F75-93F7-4106-A2E9-5458BA19B12C}.Ad-Hoc|Any CPU.Build.0 = Ad-Hoc|iPhone
		{C9845F75-93F7-4106-A2E9-5458BA19B12C}.Ad-Hoc|Any CPU.Deploy.0 = Ad-Hoc|iPhone
		{C9845F75-93F7-4106-A2E9-5458BA19B12C}.Ad-Hoc|iPhone.ActiveCfg = Ad-Hoc|iPhone
		{C9845F75-93F7-4106-A2E9-5458BA19B12C}.Ad-Hoc|iPhone.Build.0 = Ad-Hoc|iPhone
		{C9845F75-93F7-4106-A2E9-5458BA19B12C}.Ad-Hoc|iPhone.Deploy.0 = Ad-Hoc|iPhone
		{C9845F75-93F7-4106-A2E9-5458BA19B12C}.Ad-Hoc|iPhoneSimulator.ActiveCfg = Ad-Hoc|iPhoneSimulator
		{C9845F75-93F7-4106-A2E9-5458BA19B12C}.Ad-Hoc|iPhoneSimulator.Build.0 = Ad-Hoc|iPhoneSimulator
		{C9845F75-93F7-4106-A2E9-5458BA19B12C}.Ad-Hoc|iPhoneSimulator.Deploy.0 = Ad-Hoc|iPhoneSimulator
		{C9845F75-93F7-4106-A2E9-5458BA19B12C}.AppStore|Any CPU.ActiveCfg = AppStore|iPhone
		{C9845F75-93F7-4106-A2E9-5458BA19B12C}.AppStore|Any CPU.Build.0 = AppStore|iPhone
		{C9845F75-93F7-4106-A2E9-5458BA19B12C}.AppStore|Any CPU.Deploy.0 = AppStore|iPhone
		{C9845F75-93F7-4106-A2E9-5458BA19B12C}.AppStore|iPhone.ActiveCfg = AppStore|iPhone
		{C9845F75-93F7-4106-A2E9-5458BA19B12C}.AppStore|iPhone.Build.0 = AppStore|iPhone
		{C9845F75-93F7-4106-A2E9-5458BA19B12C}.AppStore|iPhone.Deploy.0 = AppStore|iPhone
		{C9845F75-93F7-4106-A2E9-5458BA19B12C}.AppStore|iPhoneSimulator.ActiveCfg = AppStore|iPhoneSimulator
		{C9845F75-93F7-4106-A2E9-5458BA19B12C}.AppStore|iPhoneSimulator.Build.0 = AppStore|iPhoneSimulator
		{C9845F75-93F7-4106-A2E9-5458BA19B12C}.AppStore|iPhoneSimulator.Deploy.0 = AppStore|iPhoneSimulator
		{C9845F75-93F7-4106-A2E9-5458BA19B12C}.Debug|Any CPU.ActiveCfg = Debug|iPhoneSimulator
		{C9845F75-93F7-4106-A2E9-5458BA19B12C}.Debug|Any CPU.Build.0 = Debug|iPhoneSimulator
		{C9845F75-93F7-4106-A2E9-5458BA19B12C}.Debug|Any CPU.Deploy.0 = Debug|iPhoneSimulator
		{C9845F75-93F7-4106-A2E9-5458BA19B12C}.Debug|iPhone.ActiveCfg = Debug|iPhone
		{C9845F75-93F7-4106-A2E9-5458BA19B12C}.Debug|iPhone.Build.0 = Debug|iPhone
		{C9845F75-93F7-4106-A2E9-5458BA19B12C}.Debug|iPhone.Deploy.0 = Debug|iPhone
		{C9845F75-93F7-4106-A2E9-5458BA19B12C}.Debug|iPhoneSimulator.ActiveCfg = Debug|iPhoneSimulator
		{C9845F75-93F7-4106-A2E9-5458BA19B12C}.Debug|iPhoneSimulator.Build.0 = Debug|iPhoneSimulator
		{C9845F75-93F7-4106-A2E9-5458BA19B12C}.Debug|iPhoneSimulator.Deploy.0 = Debug|iPhoneSimulator
		{C9845F75-93F7-4106-A2E9-5458BA19B12C}.Release|Any CPU.ActiveCfg = Release|iPhone
		{C9845F75-93F7-4106-A2E9-5458BA19B12C}.Release|Any CPU.Build.0 = Release|iPhone
		{C9845F75-93F7-4106-A2E9-5458BA19B12C}.Release|Any CPU.Deploy.0 = Release|iPhone
		{C9845F75-93F7-4106-A2E9-5458BA19B12C}.Release|iPhone.ActiveCfg = Release|iPhone
		{C9845F75-93F7-4106-A2E9-5458BA19B12C}.Release|iPhone.Build.0 = Release|iPhone
		{C9845F75-93F7-4106-A2E9-5458BA19B12C}.Release|iPhone.Deploy.0 = Release|iPhone
		{C9845F75-93F7-4106-A2E9-5458BA19B12C}.Release|iPhoneSimulator.ActiveCfg = Release|iPhoneSimulator
		{C9845F75-93F7-4106-A2E9-5458BA19B12C}.Release|iPhoneSimulator.Build.0 = Release|iPhoneSimulator
		{C9845F75-93F7-4106-A2E9-5458BA19B12C}.Release|iPhoneSimulator.Deploy.0 = Release|iPhoneSimulator
		{2BAAB157-36CD-4794-BE3B-08345E9131CF}.Ad-Hoc|Any CPU.ActiveCfg = Debug|Any CPU
		{2BAAB157-36CD-4794-BE3B-08345E9131CF}.Ad-Hoc|Any CPU.Build.0 = Debug|Any CPU
		{2BAAB157-36CD-4794-BE3B-08345E9131CF}.Ad-Hoc|Any CPU.Deploy.0 = Debug|Any CPU
		{2BAAB157-36CD-4794-BE3B-08345E9131CF}.Ad-Hoc|iPhone.ActiveCfg = Debug|Any CPU
		{2BAAB157-36CD-4794-BE3B-08345E9131CF}.Ad-Hoc|iPhone.Build.0 = Debug|Any CPU
		{2BAAB157-36CD-4794-BE3B-08345E9131CF}.Ad-Hoc|iPhone.Deploy.0 = Debug|Any CPU
		{2BAAB157-36CD-4794-BE3B-08345E9131CF}.Ad-Hoc|iPhoneSimulator.ActiveCfg = Debug|Any CPU
		{2BAAB157-36CD-4794-BE3B-08345E9131CF}.Ad-Hoc|iPhoneSimulator.Build.0 = Debug|Any CPU
		{2BAAB157-36CD-4794-BE3B-08345E9131CF}.Ad-Hoc|iPhoneSimulator.Deploy.0 = Debug|Any CPU
		{2BAAB157-36CD-4794-BE3B-08345E9131CF}.AppStore|Any CPU.ActiveCfg = Debug|Any CPU
		{2BAAB157-36CD-4794-BE3B-08345E9131CF}.AppStore|Any CPU.Build.0 = Debug|Any CPU
		{2BAAB157-36CD-4794-BE3B-08345E9131CF}.AppStore|Any CPU.Deploy.0 = Debug|Any CPU
		{2BAAB157-36CD-4794-BE3B-08345E9131CF}.AppStore|iPhone.ActiveCfg = Debug|Any CPU
		{2BAAB157-36CD-4794-BE3B-08345E9131CF}.AppStore|iPhone.Build.0 = Debug|Any CPU
		{2BAAB157-36CD-4794-BE3B-08345E9131CF}.AppStore|iPhone.Deploy.0 = Debug|Any CPU
		{2BAAB157-36CD-4794-BE3B-08345E9131CF}.AppStore|iPhoneSimulator.ActiveCfg = Debug|Any CPU
		{2BAAB157-36CD-4794-BE3B-08345E9131CF}.AppStore|iPhoneSimulator.Build.0 = Debug|Any CPU
		{2BAAB157-36CD-4794-BE3B-08345E9131CF}.AppStore|iPhoneSimulator.Deploy.0 = Debug|Any CPU
		{2BAAB157-36CD-4794-BE3B-08345E9131CF}.Debug|Any CPU.ActiveCfg = Debug|Any CPU
		{2BAAB157-36CD-4794-BE3B-08345E9131CF}.Debug|Any CPU.Build.0 = Debug|Any CPU
		{2BAAB157-36CD-4794-BE3B-08345E9131CF}.Debug|Any CPU.Deploy.0 = Debug|Any CPU
		{2BAAB157-36CD-4794-BE3B-08345E9131CF}.Debug|iPhone.ActiveCfg = Debug|Any CPU
		{2BAAB157-36CD-4794-BE3B-08345E9131CF}.Debug|iPhone.Build.0 = Debug|Any CPU
		{2BAAB157-36CD-4794-BE3B-08345E9131CF}.Debug|iPhone.Deploy.0 = Debug|Any CPU
		{2BAAB157-36CD-4794-BE3B-08345E9131CF}.Debug|iPhoneSimulator.ActiveCfg = Debug|Any CPU
		{2BAAB157-36CD-4794-BE3B-08345E9131CF}.Debug|iPhoneSimulator.Build.0 = Debug|Any CPU
		{2BAAB157-36CD-4794-BE3B-08345E9131CF}.Debug|iPhoneSimulator.Deploy.0 = Debug|Any CPU
		{2BAAB157-36CD-4794-BE3B-08345E9131CF}.Release|Any CPU.ActiveCfg = Release|Any CPU
		{2BAAB157-36CD-4794-BE3B-08345E9131CF}.Release|Any CPU.Build.0 = Release|Any CPU
		{2BAAB157-36CD-4794-BE3B-08345E9131CF}.Release|Any CPU.Deploy.0 = Release|Any CPU
		{2BAAB157-36CD-4794-BE3B-08345E9131CF}.Release|iPhone.ActiveCfg = Release|Any CPU
		{2BAAB157-36CD-4794-BE3B-08345E9131CF}.Release|iPhone.Build.0 = Release|Any CPU
		{2BAAB157-36CD-4794-BE3B-08345E9131CF}.Release|iPhone.Deploy.0 = Release|Any CPU
		{2BAAB157-36CD-4794-BE3B-08345E9131CF}.Release|iPhoneSimulator.ActiveCfg = Release|Any CPU
		{2BAAB157-36CD-4794-BE3B-08345E9131CF}.Release|iPhoneSimulator.Build.0 = Release|Any CPU
		{2BAAB157-36CD-4794-BE3B-08345E9131CF}.Release|iPhoneSimulator.Deploy.0 = Release|Any CPU
	EndGlobalSection
	GlobalSection(SolutionProperties) = preSolution
		HideSolutionNode = FALSE
	EndGlobalSection
	GlobalSection(ExtensibilityGlobals) = postSolution
		SolutionGuid = {CD245C27-27B7-4E76-A780-828EEEBB4327}
	EndGlobalSection
EndGlobal
