
Microsoft Visual Studio Solution File, Format Version 12.00
# Visual Studio 15
VisualStudioVersion = 15.0.28307.489
MinimumVisualStudioVersion = 10.0.40219.1
Project("{FAE04EC0-301F-11D3-BF4B-00C04F79EFBC}") = "DayOne.Android", "DayOne\DayOne.Android\DayOne.Android.csproj", "{A5C71939-E3AC-4037-99C1-A90D2495214C}"
EndProject
Project("{FAE04EC0-301F-11D3-BF4B-00C04F79EFBC}") = "DayOne.iOS", "DayOne\DayOne.iOS\DayOne.iOS.csproj", "{264E35FF-28E8-46A1-B7EB-4E108260766B}"
EndProject
Project("{FAE04EC0-301F-11D3-BF4B-00C04F79EFBC}") = "DayOne.UWP", "DayOne\DayOne.UWP\DayOne.UWP.csproj", "{2C5756B9-01F6-4E9C-8E2E-726740D2FC89}"
EndProject
Project("{FAE04EC0-301F-11D3-BF4B-00C04F79EFBC}") = "DayOne", "DayOne\DayOne\DayOne.csproj", "{A4BEE7DC-7D96-413C-A7B8-23FCDAEA70D9}"
EndProject
Global
	GlobalSection(SolutionConfigurationPlatforms) = preSolution
		Ad-Hoc|Any CPU = Ad-Hoc|Any CPU
		Ad-Hoc|ARM = Ad-Hoc|ARM
		Ad-Hoc|iPhone = Ad-Hoc|iPhone
		Ad-Hoc|iPhoneSimulator = Ad-Hoc|iPhoneSimulator
		Ad-Hoc|x64 = Ad-Hoc|x64
		Ad-Hoc|x86 = Ad-Hoc|x86
		AppStore|Any CPU = AppStore|Any CPU
		AppStore|ARM = AppStore|ARM
		AppStore|iPhone = AppStore|iPhone
		AppStore|iPhoneSimulator = AppStore|iPhoneSimulator
		AppStore|x64 = AppStore|x64
		AppStore|x86 = AppStore|x86
		Debug|Any CPU = Debug|Any CPU
		Debug|ARM = Debug|ARM
		Debug|iPhone = Debug|iPhone
		Debug|iPhoneSimulator = Debug|iPhoneSimulator
		Debug|x64 = Debug|x64
		Debug|x86 = Debug|x86
		Release|Any CPU = Release|Any CPU
		Release|ARM = Release|ARM
		Release|iPhone = Release|iPhone
		Release|iPhoneSimulator = Release|iPhoneSimulator
		Release|x64 = Release|x64
		Release|x86 = Release|x86
	EndGlobalSection
	GlobalSection(ProjectConfigurationPlatforms) = postSolution
		{A5C71939-E3AC-4037-99C1-A90D2495214C}.Ad-Hoc|Any CPU.ActiveCfg = Release|Any CPU
		{A5C71939-E3AC-4037-99C1-A90D2495214C}.Ad-Hoc|Any CPU.Build.0 = Release|Any CPU
		{A5C71939-E3AC-4037-99C1-A90D2495214C}.Ad-Hoc|Any CPU.Deploy.0 = Release|Any CPU
		{A5C71939-E3AC-4037-99C1-A90D2495214C}.Ad-Hoc|ARM.ActiveCfg = Release|Any CPU
		{A5C71939-E3AC-4037-99C1-A90D2495214C}.Ad-Hoc|ARM.Build.0 = Release|Any CPU
		{A5C71939-E3AC-4037-99C1-A90D2495214C}.Ad-Hoc|ARM.Deploy.0 = Release|Any CPU
		{A5C71939-E3AC-4037-99C1-A90D2495214C}.Ad-Hoc|iPhone.ActiveCfg = Release|Any CPU
		{A5C71939-E3AC-4037-99C1-A90D2495214C}.Ad-Hoc|iPhone.Build.0 = Release|Any CPU
		{A5C71939-E3AC-4037-99C1-A90D2495214C}.Ad-Hoc|iPhone.Deploy.0 = Release|Any CPU
		{A5C71939-E3AC-4037-99C1-A90D2495214C}.Ad-Hoc|iPhoneSimulator.ActiveCfg = Release|Any CPU
		{A5C71939-E3AC-4037-99C1-A90D2495214C}.Ad-Hoc|iPhoneSimulator.Build.0 = Release|Any CPU
		{A5C71939-E3AC-4037-99C1-A90D2495214C}.Ad-Hoc|iPhoneSimulator.Deploy.0 = Release|Any CPU
		{A5C71939-E3AC-4037-99C1-A90D2495214C}.Ad-Hoc|x64.ActiveCfg = Release|Any CPU
		{A5C71939-E3AC-4037-99C1-A90D2495214C}.Ad-Hoc|x64.Build.0 = Release|Any CPU
		{A5C71939-E3AC-4037-99C1-A90D2495214C}.Ad-Hoc|x64.Deploy.0 = Release|Any CPU
		{A5C71939-E3AC-4037-99C1-A90D2495214C}.Ad-Hoc|x86.ActiveCfg = Release|Any CPU
		{A5C71939-E3AC-4037-99C1-A90D2495214C}.Ad-Hoc|x86.Build.0 = Release|Any CPU
		{A5C71939-E3AC-4037-99C1-A90D2495214C}.Ad-Hoc|x86.Deploy.0 = Release|Any CPU
		{A5C71939-E3AC-4037-99C1-A90D2495214C}.AppStore|Any CPU.ActiveCfg = Release|Any CPU
		{A5C71939-E3AC-4037-99C1-A90D2495214C}.AppStore|Any CPU.Build.0 = Release|Any CPU
		{A5C71939-E3AC-4037-99C1-A90D2495214C}.AppStore|Any CPU.Deploy.0 = Release|Any CPU
		{A5C71939-E3AC-4037-99C1-A90D2495214C}.AppStore|ARM.ActiveCfg = Release|Any CPU
		{A5C71939-E3AC-4037-99C1-A90D2495214C}.AppStore|ARM.Build.0 = Release|Any CPU
		{A5C71939-E3AC-4037-99C1-A90D2495214C}.AppStore|ARM.Deploy.0 = Release|Any CPU
		{A5C71939-E3AC-4037-99C1-A90D2495214C}.AppStore|iPhone.ActiveCfg = Release|Any CPU
		{A5C71939-E3AC-4037-99C1-A90D2495214C}.AppStore|iPhone.Build.0 = Release|Any CPU
		{A5C71939-E3AC-4037-99C1-A90D2495214C}.AppStore|iPhone.Deploy.0 = Release|Any CPU
		{A5C71939-E3AC-4037-99C1-A90D2495214C}.AppStore|iPhoneSimulator.ActiveCfg = Release|Any CPU
		{A5C71939-E3AC-4037-99C1-A90D2495214C}.AppStore|iPhoneSimulator.Build.0 = Release|Any CPU
		{A5C71939-E3AC-4037-99C1-A90D2495214C}.AppStore|iPhoneSimulator.Deploy.0 = Release|Any CPU
		{A5C71939-E3AC-4037-99C1-A90D2495214C}.AppStore|x64.ActiveCfg = Release|Any CPU
		{A5C71939-E3AC-4037-99C1-A90D2495214C}.AppStore|x64.Build.0 = Release|Any CPU
		{A5C71939-E3AC-4037-99C1-A90D2495214C}.AppStore|x64.Deploy.0 = Release|Any CPU
		{A5C71939-E3AC-4037-99C1-A90D2495214C}.AppStore|x86.ActiveCfg = Release|Any CPU
		{A5C71939-E3AC-4037-99C1-A90D2495214C}.AppStore|x86.Build.0 = Release|Any CPU
		{A5C71939-E3AC-4037-99C1-A90D2495214C}.AppStore|x86.Deploy.0 = Release|Any CPU
		{A5C71939-E3AC-4037-99C1-A90D2495214C}.Debug|Any CPU.ActiveCfg = Debug|Any CPU
		{A5C71939-E3AC-4037-99C1-A90D2495214C}.Debug|Any CPU.Build.0 = Debug|Any CPU
		{A5C71939-E3AC-4037-99C1-A90D2495214C}.Debug|Any CPU.Deploy.0 = Debug|Any CPU
		{A5C71939-E3AC-4037-99C1-A90D2495214C}.Debug|ARM.ActiveCfg = Debug|Any CPU
		{A5C71939-E3AC-4037-99C1-A90D2495214C}.Debug|ARM.Build.0 = Debug|Any CPU
		{A5C71939-E3AC-4037-99C1-A90D2495214C}.Debug|ARM.Deploy.0 = Debug|Any CPU
		{A5C71939-E3AC-4037-99C1-A90D2495214C}.Debug|iPhone.ActiveCfg = Debug|Any CPU
		{A5C71939-E3AC-4037-99C1-A90D2495214C}.Debug|iPhone.Build.0 = Debug|Any CPU
		{A5C71939-E3AC-4037-99C1-A90D2495214C}.Debug|iPhone.Deploy.0 = Debug|Any CPU
		{A5C71939-E3AC-4037-99C1-A90D2495214C}.Debug|iPhoneSimulator.ActiveCfg = Debug|Any CPU
		{A5C71939-E3AC-4037-99C1-A90D2495214C}.Debug|iPhoneSimulator.Build.0 = Debug|Any CPU
		{A5C71939-E3AC-4037-99C1-A90D2495214C}.Debug|iPhoneSimulator.Deploy.0 = Debug|Any CPU
		{A5C71939-E3AC-4037-99C1-A90D2495214C}.Debug|x64.ActiveCfg = Debug|Any CPU
		{A5C71939-E3AC-4037-99C1-A90D2495214C}.Debug|x64.Build.0 = Debug|Any CPU
		{A5C71939-E3AC-4037-99C1-A90D2495214C}.Debug|x64.Deploy.0 = Debug|Any CPU
		{A5C71939-E3AC-4037-99C1-A90D2495214C}.Debug|x86.ActiveCfg = Debug|Any CPU
		{A5C71939-E3AC-4037-99C1-A90D2495214C}.Debug|x86.Build.0 = Debug|Any CPU
		{A5C71939-E3AC-4037-99C1-A90D2495214C}.Debug|x86.Deploy.0 = Debug|Any CPU
		{A5C71939-E3AC-4037-99C1-A90D2495214C}.Release|Any CPU.ActiveCfg = Release|Any CPU
		{A5C71939-E3AC-4037-99C1-A90D2495214C}.Release|Any CPU.Build.0 = Release|Any CPU
		{A5C71939-E3AC-4037-99C1-A90D2495214C}.Release|Any CPU.Deploy.0 = Release|Any CPU
		{A5C71939-E3AC-4037-99C1-A90D2495214C}.Release|ARM.ActiveCfg = Release|Any CPU
		{A5C71939-E3AC-4037-99C1-A90D2495214C}.Release|ARM.Build.0 = Release|Any CPU
		{A5C71939-E3AC-4037-99C1-A90D2495214C}.Release|ARM.Deploy.0 = Release|Any CPU
		{A5C71939-E3AC-4037-99C1-A90D2495214C}.Release|iPhone.ActiveCfg = Release|Any CPU
		{A5C71939-E3AC-4037-99C1-A90D2495214C}.Release|iPhone.Build.0 = Release|Any CPU
		{A5C71939-E3AC-4037-99C1-A90D2495214C}.Release|iPhone.Deploy.0 = Release|Any CPU
		{A5C71939-E3AC-4037-99C1-A90D2495214C}.Release|iPhoneSimulator.ActiveCfg = Release|Any CPU
		{A5C71939-E3AC-4037-99C1-A90D2495214C}.Release|iPhoneSimulator.Build.0 = Release|Any CPU
		{A5C71939-E3AC-4037-99C1-A90D2495214C}.Release|iPhoneSimulator.Deploy.0 = Release|Any CPU
		{A5C71939-E3AC-4037-99C1-A90D2495214C}.Release|x64.ActiveCfg = Release|Any CPU
		{A5C71939-E3AC-4037-99C1-A90D2495214C}.Release|x64.Build.0 = Release|Any CPU
		{A5C71939-E3AC-4037-99C1-A90D2495214C}.Release|x64.Deploy.0 = Release|Any CPU
		{A5C71939-E3AC-4037-99C1-A90D2495214C}.Release|x86.ActiveCfg = Release|Any CPU
		{A5C71939-E3AC-4037-99C1-A90D2495214C}.Release|x86.Build.0 = Release|Any CPU
		{A5C71939-E3AC-4037-99C1-A90D2495214C}.Release|x86.Deploy.0 = Release|Any CPU
		{264E35FF-28E8-46A1-B7EB-4E108260766B}.Ad-Hoc|Any CPU.ActiveCfg = Ad-Hoc|iPhone
		{264E35FF-28E8-46A1-B7EB-4E108260766B}.Ad-Hoc|Any CPU.Build.0 = Ad-Hoc|iPhone
		{264E35FF-28E8-46A1-B7EB-4E108260766B}.Ad-Hoc|Any CPU.Deploy.0 = Ad-Hoc|iPhone
		{264E35FF-28E8-46A1-B7EB-4E108260766B}.Ad-Hoc|ARM.ActiveCfg = Ad-Hoc|iPhone
		{264E35FF-28E8-46A1-B7EB-4E108260766B}.Ad-Hoc|ARM.Build.0 = Ad-Hoc|iPhone
		{264E35FF-28E8-46A1-B7EB-4E108260766B}.Ad-Hoc|ARM.Deploy.0 = Ad-Hoc|iPhone
		{264E35FF-28E8-46A1-B7EB-4E108260766B}.Ad-Hoc|iPhone.ActiveCfg = Ad-Hoc|iPhone
		{264E35FF-28E8-46A1-B7EB-4E108260766B}.Ad-Hoc|iPhone.Build.0 = Ad-Hoc|iPhone
		{264E35FF-28E8-46A1-B7EB-4E108260766B}.Ad-Hoc|iPhone.Deploy.0 = Ad-Hoc|iPhone
		{264E35FF-28E8-46A1-B7EB-4E108260766B}.Ad-Hoc|iPhoneSimulator.ActiveCfg = Ad-Hoc|iPhoneSimulator
		{264E35FF-28E8-46A1-B7EB-4E108260766B}.Ad-Hoc|iPhoneSimulator.Build.0 = Ad-Hoc|iPhoneSimulator
		{264E35FF-28E8-46A1-B7EB-4E108260766B}.Ad-Hoc|iPhoneSimulator.Deploy.0 = Ad-Hoc|iPhoneSimulator
		{264E35FF-28E8-46A1-B7EB-4E108260766B}.Ad-Hoc|x64.ActiveCfg = Ad-Hoc|iPhone
		{264E35FF-28E8-46A1-B7EB-4E108260766B}.Ad-Hoc|x64.Build.0 = Ad-Hoc|iPhone
		{264E35FF-28E8-46A1-B7EB-4E108260766B}.Ad-Hoc|x64.Deploy.0 = Ad-Hoc|iPhone
		{264E35FF-28E8-46A1-B7EB-4E108260766B}.Ad-Hoc|x86.ActiveCfg = Ad-Hoc|iPhone
		{264E35FF-28E8-46A1-B7EB-4E108260766B}.Ad-Hoc|x86.Build.0 = Ad-Hoc|iPhone
		{264E35FF-28E8-46A1-B7EB-4E108260766B}.Ad-Hoc|x86.Deploy.0 = Ad-Hoc|iPhone
		{264E35FF-28E8-46A1-B7EB-4E108260766B}.AppStore|Any CPU.ActiveCfg = AppStore|iPhone
		{264E35FF-28E8-46A1-B7EB-4E108260766B}.AppStore|Any CPU.Build.0 = AppStore|iPhone
		{264E35FF-28E8-46A1-B7EB-4E108260766B}.AppStore|Any CPU.Deploy.0 = AppStore|iPhone
		{264E35FF-28E8-46A1-B7EB-4E108260766B}.AppStore|ARM.ActiveCfg = AppStore|iPhone
		{264E35FF-28E8-46A1-B7EB-4E108260766B}.AppStore|ARM.Build.0 = AppStore|iPhone
		{264E35FF-28E8-46A1-B7EB-4E108260766B}.AppStore|ARM.Deploy.0 = AppStore|iPhone
		{264E35FF-28E8-46A1-B7EB-4E108260766B}.AppStore|iPhone.ActiveCfg = AppStore|iPhone
		{264E35FF-28E8-46A1-B7EB-4E108260766B}.AppStore|iPhone.Build.0 = AppStore|iPhone
		{264E35FF-28E8-46A1-B7EB-4E108260766B}.AppStore|iPhone.Deploy.0 = AppStore|iPhone
		{264E35FF-28E8-46A1-B7EB-4E108260766B}.AppStore|iPhoneSimulator.ActiveCfg = AppStore|iPhoneSimulator
		{264E35FF-28E8-46A1-B7EB-4E108260766B}.AppStore|iPhoneSimulator.Build.0 = AppStore|iPhoneSimulator
		{264E35FF-28E8-46A1-B7EB-4E108260766B}.AppStore|iPhoneSimulator.Deploy.0 = AppStore|iPhoneSimulator
		{264E35FF-28E8-46A1-B7EB-4E108260766B}.AppStore|x64.ActiveCfg = AppStore|iPhone
		{264E35FF-28E8-46A1-B7EB-4E108260766B}.AppStore|x64.Build.0 = AppStore|iPhone
		{264E35FF-28E8-46A1-B7EB-4E108260766B}.AppStore|x64.Deploy.0 = AppStore|iPhone
		{264E35FF-28E8-46A1-B7EB-4E108260766B}.AppStore|x86.ActiveCfg = AppStore|iPhone
		{264E35FF-28E8-46A1-B7EB-4E108260766B}.AppStore|x86.Build.0 = AppStore|iPhone
		{264E35FF-28E8-46A1-B7EB-4E108260766B}.AppStore|x86.Deploy.0 = AppStore|iPhone
		{264E35FF-28E8-46A1-B7EB-4E108260766B}.Debug|Any CPU.ActiveCfg = Debug|iPhoneSimulator
		{264E35FF-28E8-46A1-B7EB-4E108260766B}.Debug|Any CPU.Build.0 = Debug|iPhoneSimulator
		{264E35FF-28E8-46A1-B7EB-4E108260766B}.Debug|Any CPU.Deploy.0 = Debug|iPhoneSimulator
		{264E35FF-28E8-46A1-B7EB-4E108260766B}.Debug|ARM.ActiveCfg = Debug|iPhone
		{264E35FF-28E8-46A1-B7EB-4E108260766B}.Debug|ARM.Build.0 = Debug|iPhone
		{264E35FF-28E8-46A1-B7EB-4E108260766B}.Debug|ARM.Deploy.0 = Debug|iPhone
		{264E35FF-28E8-46A1-B7EB-4E108260766B}.Debug|iPhone.ActiveCfg = Debug|iPhone
		{264E35FF-28E8-46A1-B7EB-4E108260766B}.Debug|iPhone.Build.0 = Debug|iPhone
		{264E35FF-28E8-46A1-B7EB-4E108260766B}.Debug|iPhone.Deploy.0 = Debug|iPhone
		{264E35FF-28E8-46A1-B7EB-4E108260766B}.Debug|iPhoneSimulator.ActiveCfg = Debug|iPhoneSimulator
		{264E35FF-28E8-46A1-B7EB-4E108260766B}.Debug|iPhoneSimulator.Build.0 = Debug|iPhoneSimulator
		{264E35FF-28E8-46A1-B7EB-4E108260766B}.Debug|iPhoneSimulator.Deploy.0 = Debug|iPhoneSimulator
		{264E35FF-28E8-46A1-B7EB-4E108260766B}.Debug|x64.ActiveCfg = Debug|iPhone
		{264E35FF-28E8-46A1-B7EB-4E108260766B}.Debug|x64.Build.0 = Debug|iPhone
		{264E35FF-28E8-46A1-B7EB-4E108260766B}.Debug|x64.Deploy.0 = Debug|iPhone
		{264E35FF-28E8-46A1-B7EB-4E108260766B}.Debug|x86.ActiveCfg = Debug|iPhone
		{264E35FF-28E8-46A1-B7EB-4E108260766B}.Debug|x86.Build.0 = Debug|iPhone
		{264E35FF-28E8-46A1-B7EB-4E108260766B}.Debug|x86.Deploy.0 = Debug|iPhone
		{264E35FF-28E8-46A1-B7EB-4E108260766B}.Release|Any CPU.ActiveCfg = Release|iPhone
		{264E35FF-28E8-46A1-B7EB-4E108260766B}.Release|Any CPU.Build.0 = Release|iPhone
		{264E35FF-28E8-46A1-B7EB-4E108260766B}.Release|Any CPU.Deploy.0 = Release|iPhone
		{264E35FF-28E8-46A1-B7EB-4E108260766B}.Release|ARM.ActiveCfg = Release|iPhone
		{264E35FF-28E8-46A1-B7EB-4E108260766B}.Release|ARM.Build.0 = Release|iPhone
		{264E35FF-28E8-46A1-B7EB-4E108260766B}.Release|ARM.Deploy.0 = Release|iPhone
		{264E35FF-28E8-46A1-B7EB-4E108260766B}.Release|iPhone.ActiveCfg = Release|iPhone
		{264E35FF-28E8-46A1-B7EB-4E108260766B}.Release|iPhone.Build.0 = Release|iPhone
		{264E35FF-28E8-46A1-B7EB-4E108260766B}.Release|iPhone.Deploy.0 = Release|iPhone
		{264E35FF-28E8-46A1-B7EB-4E108260766B}.Release|iPhoneSimulator.ActiveCfg = Release|iPhoneSimulator
		{264E35FF-28E8-46A1-B7EB-4E108260766B}.Release|iPhoneSimulator.Build.0 = Release|iPhoneSimulator
		{264E35FF-28E8-46A1-B7EB-4E108260766B}.Release|iPhoneSimulator.Deploy.0 = Release|iPhoneSimulator
		{264E35FF-28E8-46A1-B7EB-4E108260766B}.Release|x64.ActiveCfg = Release|iPhone
		{264E35FF-28E8-46A1-B7EB-4E108260766B}.Release|x64.Build.0 = Release|iPhone
		{264E35FF-28E8-46A1-B7EB-4E108260766B}.Release|x64.Deploy.0 = Release|iPhone
		{264E35FF-28E8-46A1-B7EB-4E108260766B}.Release|x86.ActiveCfg = Release|iPhone
		{264E35FF-28E8-46A1-B7EB-4E108260766B}.Release|x86.Build.0 = Release|iPhone
		{264E35FF-28E8-46A1-B7EB-4E108260766B}.Release|x86.Deploy.0 = Release|iPhone
		{2C5756B9-01F6-4E9C-8E2E-726740D2FC89}.Ad-Hoc|Any CPU.ActiveCfg = Release|x86
		{2C5756B9-01F6-4E9C-8E2E-726740D2FC89}.Ad-Hoc|Any CPU.Build.0 = Release|x86
		{2C5756B9-01F6-4E9C-8E2E-726740D2FC89}.Ad-Hoc|Any CPU.Deploy.0 = Release|x86
		{2C5756B9-01F6-4E9C-8E2E-726740D2FC89}.Ad-Hoc|ARM.ActiveCfg = Release|ARM
		{2C5756B9-01F6-4E9C-8E2E-726740D2FC89}.Ad-Hoc|ARM.Build.0 = Release|ARM
		{2C5756B9-01F6-4E9C-8E2E-726740D2FC89}.Ad-Hoc|ARM.Deploy.0 = Release|ARM
		{2C5756B9-01F6-4E9C-8E2E-726740D2FC89}.Ad-Hoc|iPhone.ActiveCfg = Release|x86
		{2C5756B9-01F6-4E9C-8E2E-726740D2FC89}.Ad-Hoc|iPhone.Build.0 = Release|x86
		{2C5756B9-01F6-4E9C-8E2E-726740D2FC89}.Ad-Hoc|iPhone.Deploy.0 = Release|x86
		{2C5756B9-01F6-4E9C-8E2E-726740D2FC89}.Ad-Hoc|iPhoneSimulator.ActiveCfg = Release|x86
		{2C5756B9-01F6-4E9C-8E2E-726740D2FC89}.Ad-Hoc|iPhoneSimulator.Build.0 = Release|x86
		{2C5756B9-01F6-4E9C-8E2E-726740D2FC89}.Ad-Hoc|iPhoneSimulator.Deploy.0 = Release|x86
		{2C5756B9-01F6-4E9C-8E2E-726740D2FC89}.Ad-Hoc|x64.ActiveCfg = Release|x64
		{2C5756B9-01F6-4E9C-8E2E-726740D2FC89}.Ad-Hoc|x64.Build.0 = Release|x64
		{2C5756B9-01F6-4E9C-8E2E-726740D2FC89}.Ad-Hoc|x64.Deploy.0 = Release|x64
		{2C5756B9-01F6-4E9C-8E2E-726740D2FC89}.Ad-Hoc|x86.ActiveCfg = Release|x86
		{2C5756B9-01F6-4E9C-8E2E-726740D2FC89}.Ad-Hoc|x86.Build.0 = Release|x86
		{2C5756B9-01F6-4E9C-8E2E-726740D2FC89}.Ad-Hoc|x86.Deploy.0 = Release|x86
		{2C5756B9-01F6-4E9C-8E2E-726740D2FC89}.AppStore|Any CPU.ActiveCfg = Release|x86
		{2C5756B9-01F6-4E9C-8E2E-726740D2FC89}.AppStore|Any CPU.Build.0 = Release|x86
		{2C5756B9-01F6-4E9C-8E2E-726740D2FC89}.AppStore|Any CPU.Deploy.0 = Release|x86
		{2C5756B9-01F6-4E9C-8E2E-726740D2FC89}.AppStore|ARM.ActiveCfg = Release|ARM
		{2C5756B9-01F6-4E9C-8E2E-726740D2FC89}.AppStore|ARM.Build.0 = Release|ARM
		{2C5756B9-01F6-4E9C-8E2E-726740D2FC89}.AppStore|ARM.Deploy.0 = Release|ARM
		{2C5756B9-01F6-4E9C-8E2E-726740D2FC89}.AppStore|iPhone.ActiveCfg = Release|x86
		{2C5756B9-01F6-4E9C-8E2E-726740D2FC89}.AppStore|iPhone.Build.0 = Release|x86
		{2C5756B9-01F6-4E9C-8E2E-726740D2FC89}.AppStore|iPhone.Deploy.0 = Release|x86
		{2C5756B9-01F6-4E9C-8E2E-726740D2FC89}.AppStore|iPhoneSimulator.ActiveCfg = Release|x86
		{2C5756B9-01F6-4E9C-8E2E-726740D2FC89}.AppStore|iPhoneSimulator.Build.0 = Release|x86
		{2C5756B9-01F6-4E9C-8E2E-726740D2FC89}.AppStore|iPhoneSimulator.Deploy.0 = Release|x86
		{2C5756B9-01F6-4E9C-8E2E-726740D2FC89}.AppStore|x64.ActiveCfg = Release|x64
		{2C5756B9-01F6-4E9C-8E2E-726740D2FC89}.AppStore|x64.Build.0 = Release|x64
		{2C5756B9-01F6-4E9C-8E2E-726740D2FC89}.AppStore|x64.Deploy.0 = Release|x64
		{2C5756B9-01F6-4E9C-8E2E-726740D2FC89}.AppStore|x86.ActiveCfg = Release|x86
		{2C5756B9-01F6-4E9C-8E2E-726740D2FC89}.AppStore|x86.Build.0 = Release|x86
		{2C5756B9-01F6-4E9C-8E2E-726740D2FC89}.AppStore|x86.Deploy.0 = Release|x86
		{2C5756B9-01F6-4E9C-8E2E-726740D2FC89}.Debug|Any CPU.ActiveCfg = Debug|x86
		{2C5756B9-01F6-4E9C-8E2E-726740D2FC89}.Debug|Any CPU.Build.0 = Debug|x86
		{2C5756B9-01F6-4E9C-8E2E-726740D2FC89}.Debug|Any CPU.Deploy.0 = Debug|x86
		{2C5756B9-01F6-4E9C-8E2E-726740D2FC89}.Debug|ARM.ActiveCfg = Debug|ARM
		{2C5756B9-01F6-4E9C-8E2E-726740D2FC89}.Debug|ARM.Build.0 = Debug|ARM
		{2C5756B9-01F6-4E9C-8E2E-726740D2FC89}.Debug|ARM.Deploy.0 = Debug|ARM
		{2C5756B9-01F6-4E9C-8E2E-726740D2FC89}.Debug|iPhone.ActiveCfg = Debug|x86
		{2C5756B9-01F6-4E9C-8E2E-726740D2FC89}.Debug|iPhone.Build.0 = Debug|x86
		{2C5756B9-01F6-4E9C-8E2E-726740D2FC89}.Debug|iPhone.Deploy.0 = Debug|x86
		{2C5756B9-01F6-4E9C-8E2E-726740D2FC89}.Debug|iPhoneSimulator.ActiveCfg = Debug|x86
		{2C5756B9-01F6-4E9C-8E2E-726740D2FC89}.Debug|iPhoneSimulator.Build.0 = Debug|x86
		{2C5756B9-01F6-4E9C-8E2E-726740D2FC89}.Debug|iPhoneSimulator.Deploy.0 = Debug|x86
		{2C5756B9-01F6-4E9C-8E2E-726740D2FC89}.Debug|x64.ActiveCfg = Debug|x64
		{2C5756B9-01F6-4E9C-8E2E-726740D2FC89}.Debug|x64.Build.0 = Debug|x64
		{2C5756B9-01F6-4E9C-8E2E-726740D2FC89}.Debug|x64.Deploy.0 = Debug|x64
		{2C5756B9-01F6-4E9C-8E2E-726740D2FC89}.Debug|x86.ActiveCfg = Debug|x86
		{2C5756B9-01F6-4E9C-8E2E-726740D2FC89}.Debug|x86.Build.0 = Debug|x86
		{2C5756B9-01F6-4E9C-8E2E-726740D2FC89}.Debug|x86.Deploy.0 = Debug|x86
		{2C5756B9-01F6-4E9C-8E2E-726740D2FC89}.Release|Any CPU.ActiveCfg = Release|x86
		{2C5756B9-01F6-4E9C-8E2E-726740D2FC89}.Release|Any CPU.Build.0 = Release|x86
		{2C5756B9-01F6-4E9C-8E2E-726740D2FC89}.Release|Any CPU.Deploy.0 = Release|x86
		{2C5756B9-01F6-4E9C-8E2E-726740D2FC89}.Release|ARM.ActiveCfg = Release|ARM
		{2C5756B9-01F6-4E9C-8E2E-726740D2FC89}.Release|ARM.Build.0 = Release|ARM
		{2C5756B9-01F6-4E9C-8E2E-726740D2FC89}.Release|ARM.Deploy.0 = Release|ARM
		{2C5756B9-01F6-4E9C-8E2E-726740D2FC89}.Release|iPhone.ActiveCfg = Release|x86
		{2C5756B9-01F6-4E9C-8E2E-726740D2FC89}.Release|iPhone.Build.0 = Release|x86
		{2C5756B9-01F6-4E9C-8E2E-726740D2FC89}.Release|iPhone.Deploy.0 = Release|x86
		{2C5756B9-01F6-4E9C-8E2E-726740D2FC89}.Release|iPhoneSimulator.ActiveCfg = Release|x86
		{2C5756B9-01F6-4E9C-8E2E-726740D2FC89}.Release|iPhoneSimulator.Build.0 = Release|x86
		{2C5756B9-01F6-4E9C-8E2E-726740D2FC89}.Release|iPhoneSimulator.Deploy.0 = Release|x86
		{2C5756B9-01F6-4E9C-8E2E-726740D2FC89}.Release|x64.ActiveCfg = Release|x64
		{2C5756B9-01F6-4E9C-8E2E-726740D2FC89}.Release|x64.Build.0 = Release|x64
		{2C5756B9-01F6-4E9C-8E2E-726740D2FC89}.Release|x64.Deploy.0 = Release|x64
		{2C5756B9-01F6-4E9C-8E2E-726740D2FC89}.Release|x86.ActiveCfg = Release|x86
		{2C5756B9-01F6-4E9C-8E2E-726740D2FC89}.Release|x86.Build.0 = Release|x86
		{2C5756B9-01F6-4E9C-8E2E-726740D2FC89}.Release|x86.Deploy.0 = Release|x86
		{A4BEE7DC-7D96-413C-A7B8-23FCDAEA70D9}.Ad-Hoc|Any CPU.ActiveCfg = Debug|Any CPU
		{A4BEE7DC-7D96-413C-A7B8-23FCDAEA70D9}.Ad-Hoc|Any CPU.Build.0 = Debug|Any CPU
		{A4BEE7DC-7D96-413C-A7B8-23FCDAEA70D9}.Ad-Hoc|Any CPU.Deploy.0 = Debug|Any CPU
		{A4BEE7DC-7D96-413C-A7B8-23FCDAEA70D9}.Ad-Hoc|ARM.ActiveCfg = Debug|Any CPU
		{A4BEE7DC-7D96-413C-A7B8-23FCDAEA70D9}.Ad-Hoc|ARM.Build.0 = Debug|Any CPU
		{A4BEE7DC-7D96-413C-A7B8-23FCDAEA70D9}.Ad-Hoc|ARM.Deploy.0 = Debug|Any CPU
		{A4BEE7DC-7D96-413C-A7B8-23FCDAEA70D9}.Ad-Hoc|iPhone.ActiveCfg = Debug|Any CPU
		{A4BEE7DC-7D96-413C-A7B8-23FCDAEA70D9}.Ad-Hoc|iPhone.Build.0 = Debug|Any CPU
		{A4BEE7DC-7D96-413C-A7B8-23FCDAEA70D9}.Ad-Hoc|iPhone.Deploy.0 = Debug|Any CPU
		{A4BEE7DC-7D96-413C-A7B8-23FCDAEA70D9}.Ad-Hoc|iPhoneSimulator.ActiveCfg = Debug|Any CPU
		{A4BEE7DC-7D96-413C-A7B8-23FCDAEA70D9}.Ad-Hoc|iPhoneSimulator.Build.0 = Debug|Any CPU
		{A4BEE7DC-7D96-413C-A7B8-23FCDAEA70D9}.Ad-Hoc|iPhoneSimulator.Deploy.0 = Debug|Any CPU
		{A4BEE7DC-7D96-413C-A7B8-23FCDAEA70D9}.Ad-Hoc|x64.ActiveCfg = Debug|Any CPU
		{A4BEE7DC-7D96-413C-A7B8-23FCDAEA70D9}.Ad-Hoc|x64.Build.0 = Debug|Any CPU
		{A4BEE7DC-7D96-413C-A7B8-23FCDAEA70D9}.Ad-Hoc|x64.Deploy.0 = Debug|Any CPU
		{A4BEE7DC-7D96-413C-A7B8-23FCDAEA70D9}.Ad-Hoc|x86.ActiveCfg = Debug|Any CPU
		{A4BEE7DC-7D96-413C-A7B8-23FCDAEA70D9}.Ad-Hoc|x86.Build.0 = Debug|Any CPU
		{A4BEE7DC-7D96-413C-A7B8-23FCDAEA70D9}.Ad-Hoc|x86.Deploy.0 = Debug|Any CPU
		{A4BEE7DC-7D96-413C-A7B8-23FCDAEA70D9}.AppStore|Any CPU.ActiveCfg = Debug|Any CPU
		{A4BEE7DC-7D96-413C-A7B8-23FCDAEA70D9}.AppStore|Any CPU.Build.0 = Debug|Any CPU
		{A4BEE7DC-7D96-413C-A7B8-23FCDAEA70D9}.AppStore|Any CPU.Deploy.0 = Debug|Any CPU
		{A4BEE7DC-7D96-413C-A7B8-23FCDAEA70D9}.AppStore|ARM.ActiveCfg = Debug|Any CPU
		{A4BEE7DC-7D96-413C-A7B8-23FCDAEA70D9}.AppStore|ARM.Build.0 = Debug|Any CPU
		{A4BEE7DC-7D96-413C-A7B8-23FCDAEA70D9}.AppStore|ARM.Deploy.0 = Debug|Any CPU
		{A4BEE7DC-7D96-413C-A7B8-23FCDAEA70D9}.AppStore|iPhone.ActiveCfg = Debug|Any CPU
		{A4BEE7DC-7D96-413C-A7B8-23FCDAEA70D9}.AppStore|iPhone.Build.0 = Debug|Any CPU
		{A4BEE7DC-7D96-413C-A7B8-23FCDAEA70D9}.AppStore|iPhone.Deploy.0 = Debug|Any CPU
		{A4BEE7DC-7D96-413C-A7B8-23FCDAEA70D9}.AppStore|iPhoneSimulator.ActiveCfg = Debug|Any CPU
		{A4BEE7DC-7D96-413C-A7B8-23FCDAEA70D9}.AppStore|iPhoneSimulator.Build.0 = Debug|Any CPU
		{A4BEE7DC-7D96-413C-A7B8-23FCDAEA70D9}.AppStore|iPhoneSimulator.Deploy.0 = Debug|Any CPU
		{A4BEE7DC-7D96-413C-A7B8-23FCDAEA70D9}.AppStore|x64.ActiveCfg = Debug|Any CPU
		{A4BEE7DC-7D96-413C-A7B8-23FCDAEA70D9}.AppStore|x64.Build.0 = Debug|Any CPU
		{A4BEE7DC-7D96-413C-A7B8-23FCDAEA70D9}.AppStore|x64.Deploy.0 = Debug|Any CPU
		{A4BEE7DC-7D96-413C-A7B8-23FCDAEA70D9}.AppStore|x86.ActiveCfg = Debug|Any CPU
		{A4BEE7DC-7D96-413C-A7B8-23FCDAEA70D9}.AppStore|x86.Build.0 = Debug|Any CPU
		{A4BEE7DC-7D96-413C-A7B8-23FCDAEA70D9}.AppStore|x86.Deploy.0 = Debug|Any CPU
		{A4BEE7DC-7D96-413C-A7B8-23FCDAEA70D9}.Debug|Any CPU.ActiveCfg = Debug|Any CPU
		{A4BEE7DC-7D96-413C-A7B8-23FCDAEA70D9}.Debug|Any CPU.Build.0 = Debug|Any CPU
		{A4BEE7DC-7D96-413C-A7B8-23FCDAEA70D9}.Debug|Any CPU.Deploy.0 = Debug|Any CPU
		{A4BEE7DC-7D96-413C-A7B8-23FCDAEA70D9}.Debug|ARM.ActiveCfg = Debug|Any CPU
		{A4BEE7DC-7D96-413C-A7B8-23FCDAEA70D9}.Debug|ARM.Build.0 = Debug|Any CPU
		{A4BEE7DC-7D96-413C-A7B8-23FCDAEA70D9}.Debug|ARM.Deploy.0 = Debug|Any CPU
		{A4BEE7DC-7D96-413C-A7B8-23FCDAEA70D9}.Debug|iPhone.ActiveCfg = Debug|Any CPU
		{A4BEE7DC-7D96-413C-A7B8-23FCDAEA70D9}.Debug|iPhone.Build.0 = Debug|Any CPU
		{A4BEE7DC-7D96-413C-A7B8-23FCDAEA70D9}.Debug|iPhone.Deploy.0 = Debug|Any CPU
		{A4BEE7DC-7D96-413C-A7B8-23FCDAEA70D9}.Debug|iPhoneSimulator.ActiveCfg = Debug|Any CPU
		{A4BEE7DC-7D96-413C-A7B8-23FCDAEA70D9}.Debug|iPhoneSimulator.Build.0 = Debug|Any CPU
		{A4BEE7DC-7D96-413C-A7B8-23FCDAEA70D9}.Debug|iPhoneSimulator.Deploy.0 = Debug|Any CPU
		{A4BEE7DC-7D96-413C-A7B8-23FCDAEA70D9}.Debug|x64.ActiveCfg = Debug|Any CPU
		{A4BEE7DC-7D96-413C-A7B8-23FCDAEA70D9}.Debug|x64.Build.0 = Debug|Any CPU
		{A4BEE7DC-7D96-413C-A7B8-23FCDAEA70D9}.Debug|x64.Deploy.0 = Debug|Any CPU
		{A4BEE7DC-7D96-413C-A7B8-23FCDAEA70D9}.Debug|x86.ActiveCfg = Debug|Any CPU
		{A4BEE7DC-7D96-413C-A7B8-23FCDAEA70D9}.Debug|x86.Build.0 = Debug|Any CPU
		{A4BEE7DC-7D96-413C-A7B8-23FCDAEA70D9}.Debug|x86.Deploy.0 = Debug|Any CPU
		{A4BEE7DC-7D96-413C-A7B8-23FCDAEA70D9}.Release|Any CPU.ActiveCfg = Release|Any CPU
		{A4BEE7DC-7D96-413C-A7B8-23FCDAEA70D9}.Release|Any CPU.Build.0 = Release|Any CPU
		{A4BEE7DC-7D96-413C-A7B8-23FCDAEA70D9}.Release|Any CPU.Deploy.0 = Release|Any CPU
		{A4BEE7DC-7D96-413C-A7B8-23FCDAEA70D9}.Release|ARM.ActiveCfg = Release|Any CPU
		{A4BEE7DC-7D96-413C-A7B8-23FCDAEA70D9}.Release|ARM.Build.0 = Release|Any CPU
		{A4BEE7DC-7D96-413C-A7B8-23FCDAEA70D9}.Release|ARM.Deploy.0 = Release|Any CPU
		{A4BEE7DC-7D96-413C-A7B8-23FCDAEA70D9}.Release|iPhone.ActiveCfg = Release|Any CPU
		{A4BEE7DC-7D96-413C-A7B8-23FCDAEA70D9}.Release|iPhone.Build.0 = Release|Any CPU
		{A4BEE7DC-7D96-413C-A7B8-23FCDAEA70D9}.Release|iPhone.Deploy.0 = Release|Any CPU
		{A4BEE7DC-7D96-413C-A7B8-23FCDAEA70D9}.Release|iPhoneSimulator.ActiveCfg = Release|Any CPU
		{A4BEE7DC-7D96-413C-A7B8-23FCDAEA70D9}.Release|iPhoneSimulator.Build.0 = Release|Any CPU
		{A4BEE7DC-7D96-413C-A7B8-23FCDAEA70D9}.Release|iPhoneSimulator.Deploy.0 = Release|Any CPU
		{A4BEE7DC-7D96-413C-A7B8-23FCDAEA70D9}.Release|x64.ActiveCfg = Release|Any CPU
		{A4BEE7DC-7D96-413C-A7B8-23FCDAEA70D9}.Release|x64.Build.0 = Release|Any CPU
		{A4BEE7DC-7D96-413C-A7B8-23FCDAEA70D9}.Release|x64.Deploy.0 = Release|Any CPU
		{A4BEE7DC-7D96-413C-A7B8-23FCDAEA70D9}.Release|x86.ActiveCfg = Release|Any CPU
		{A4BEE7DC-7D96-413C-A7B8-23FCDAEA70D9}.Release|x86.Build.0 = Release|Any CPU
		{A4BEE7DC-7D96-413C-A7B8-23FCDAEA70D9}.Release|x86.Deploy.0 = Release|Any CPU
	EndGlobalSection
	GlobalSection(SolutionProperties) = preSolution
		HideSolutionNode = FALSE
	EndGlobalSection
	GlobalSection(ExtensibilityGlobals) = postSolution
		SolutionGuid = {2BEC38E6-EF2E-40B1-B04E-AAC3F6679A19}
	EndGlobalSection
EndGlobal
